// !$*UTF8*$!
{
	archiveVersion = 1;
	classes = {
	};
	objectVersion = 50;
	objects = {

/* Begin PBXBuildFile section */
		630F2748253CE3B1001078A2 /* AppDelegate.swift in Sources */ = {isa = PBXBuildFile; fileRef = 630F2747253CE3B1001078A2 /* AppDelegate.swift */; };
		630F274A253CE3B1001078A2 /* SceneDelegate.swift in Sources */ = {isa = PBXBuildFile; fileRef = 630F2749253CE3B1001078A2 /* SceneDelegate.swift */; };
		630F274C253CE3B1001078A2 /* BaseViewController.swift in Sources */ = {isa = PBXBuildFile; fileRef = 630F274B253CE3B1001078A2 /* BaseViewController.swift */; };
		630F2751253CE3B3001078A2 /* Assets.xcassets in Resources */ = {isa = PBXBuildFile; fileRef = 630F2750253CE3B3001078A2 /* Assets.xcassets */; };
		630F2754253CE3B3001078A2 /* LaunchScreen.storyboard in Resources */ = {isa = PBXBuildFile; fileRef = 630F2752253CE3B3001078A2 /* LaunchScreen.storyboard */; };
		630F279B253CE73A001078A2 /* .gitignore in Resources */ = {isa = PBXBuildFile; fileRef = 630F279A253CE73A001078A2 /* .gitignore */; };
		631F5C392540ED00006C0430 /* PercentageButtonView.swift in Sources */ = {isa = PBXBuildFile; fileRef = 631F5C382540ED00006C0430 /* PercentageButtonView.swift */; };
		635AA0BF253EFE6C007B50E9 /* TipSelectorView.swift in Sources */ = {isa = PBXBuildFile; fileRef = 635AA0BE253EFE6C007B50E9 /* TipSelectorView.swift */; };
		6385313025441DEF001B79A3 /* CounterView.swift in Sources */ = {isa = PBXBuildFile; fileRef = 6385312F25441DEF001B79A3 /* CounterView.swift */; };
		63853133254630EF001B79A3 /* IncrementDecrementButton.swift in Sources */ = {isa = PBXBuildFile; fileRef = 63853132254630EF001B79A3 /* IncrementDecrementButton.swift */; };
		63853136254637CC001B79A3 /* CalculateButton.swift in Sources */ = {isa = PBXBuildFile; fileRef = 63853135254637CC001B79A3 /* CalculateButton.swift */; };
		6385313925463E90001B79A3 /* ResultViewController.swift in Sources */ = {isa = PBXBuildFile; fileRef = 6385313825463E90001B79A3 /* ResultViewController.swift */; };
		6385313C254642C4001B79A3 /* KeyboardDismissalExtension.swift in Sources */ = {isa = PBXBuildFile; fileRef = 6385313B254642C4001B79A3 /* KeyboardDismissalExtension.swift */; };
		63BC9C99253DEB7200438728 /* UpperSectionView.swift in Sources */ = {isa = PBXBuildFile; fileRef = 63BC9C98253DEB7200438728 /* UpperSectionView.swift */; };
		63BC9C9E253DEB7C00438728 /* LowerSectionView.swift in Sources */ = {isa = PBXBuildFile; fileRef = 63BC9C9D253DEB7C00438728 /* LowerSectionView.swift */; };
		63BC9CB1253DEE4D00438728 /* ColorExtensions.swift in Sources */ = {isa = PBXBuildFile; fileRef = 63BC9CB0253DEE4D00438728 /* ColorExtensions.swift */; };
		63BC9CC1253DFEFC00438728 /* Label.swift in Sources */ = {isa = PBXBuildFile; fileRef = 63BC9CC0253DFEFC00438728 /* Label.swift */; };
		63C00DCA253E07F200E45A91 /* LabeledStackView.swift in Sources */ = {isa = PBXBuildFile; fileRef = 63C00DC9253E07F200E45A91 /* LabeledStackView.swift */; };
		63C00DCF253E398400E45A91 /* TextField.swift in Sources */ = {isa = PBXBuildFile; fileRef = 63C00DCE253E398400E45A91 /* TextField.swift */; };
/* End PBXBuildFile section */

/* Begin PBXFileReference section */
		630F2744253CE3B1001078A2 /* Tipsy.app */ = {isa = PBXFileReference; explicitFileType = wrapper.application; includeInIndex = 0; path = Tipsy.app; sourceTree = BUILT_PRODUCTS_DIR; };
		630F2747253CE3B1001078A2 /* AppDelegate.swift */ = {isa = PBXFileReference; lastKnownFileType = sourcecode.swift; path = AppDelegate.swift; sourceTree = "<group>"; };
		630F2749253CE3B1001078A2 /* SceneDelegate.swift */ = {isa = PBXFileReference; lastKnownFileType = sourcecode.swift; path = SceneDelegate.swift; sourceTree = "<group>"; };
		630F274B253CE3B1001078A2 /* BaseViewController.swift */ = {isa = PBXFileReference; lastKnownFileType = sourcecode.swift; path = BaseViewController.swift; sourceTree = "<group>"; };
		630F2750253CE3B3001078A2 /* Assets.xcassets */ = {isa = PBXFileReference; lastKnownFileType = folder.assetcatalog; path = Assets.xcassets; sourceTree = "<group>"; };
		630F2753253CE3B3001078A2 /* Base */ = {isa = PBXFileReference; lastKnownFileType = file.storyboard; name = Base; path = Base.lproj/LaunchScreen.storyboard; sourceTree = "<group>"; };
		630F2755253CE3B3001078A2 /* Info.plist */ = {isa = PBXFileReference; lastKnownFileType = text.plist.xml; path = Info.plist; sourceTree = "<group>"; };
		630F279A253CE73A001078A2 /* .gitignore */ = {isa = PBXFileReference; lastKnownFileType = text; path = .gitignore; sourceTree = "<group>"; };
		631F5C382540ED00006C0430 /* PercentageButtonView.swift */ = {isa = PBXFileReference; lastKnownFileType = sourcecode.swift; path = PercentageButtonView.swift; sourceTree = "<group>"; };
		635AA0BE253EFE6C007B50E9 /* TipSelectorView.swift */ = {isa = PBXFileReference; lastKnownFileType = sourcecode.swift; path = TipSelectorView.swift; sourceTree = "<group>"; };
		6385312F25441DEF001B79A3 /* CounterView.swift */ = {isa = PBXFileReference; lastKnownFileType = sourcecode.swift; path = CounterView.swift; sourceTree = "<group>"; };
		63853132254630EF001B79A3 /* IncrementDecrementButton.swift */ = {isa = PBXFileReference; lastKnownFileType = sourcecode.swift; path = IncrementDecrementButton.swift; sourceTree = "<group>"; };
		63853135254637CC001B79A3 /* CalculateButton.swift */ = {isa = PBXFileReference; lastKnownFileType = sourcecode.swift; path = CalculateButton.swift; sourceTree = "<group>"; };
		6385313825463E90001B79A3 /* ResultViewController.swift */ = {isa = PBXFileReference; lastKnownFileType = sourcecode.swift; path = ResultViewController.swift; sourceTree = "<group>"; };
		6385313B254642C4001B79A3 /* KeyboardDismissalExtension.swift */ = {isa = PBXFileReference; lastKnownFileType = sourcecode.swift; path = KeyboardDismissalExtension.swift; sourceTree = "<group>"; };
		63BC9C98253DEB7200438728 /* UpperSectionView.swift */ = {isa = PBXFileReference; lastKnownFileType = sourcecode.swift; path = UpperSectionView.swift; sourceTree = "<group>"; };
		63BC9C9D253DEB7C00438728 /* LowerSectionView.swift */ = {isa = PBXFileReference; lastKnownFileType = sourcecode.swift; path = LowerSectionView.swift; sourceTree = "<group>"; };
		63BC9CB0253DEE4D00438728 /* ColorExtensions.swift */ = {isa = PBXFileReference; lastKnownFileType = sourcecode.swift; path = ColorExtensions.swift; sourceTree = "<group>"; };
		63BC9CC0253DFEFC00438728 /* Label.swift */ = {isa = PBXFileReference; lastKnownFileType = sourcecode.swift; path = Label.swift; sourceTree = "<group>"; };
		63C00DC9253E07F200E45A91 /* LabeledStackView.swift */ = {isa = PBXFileReference; lastKnownFileType = sourcecode.swift; path = LabeledStackView.swift; sourceTree = "<group>"; };
		63C00DCE253E398400E45A91 /* TextField.swift */ = {isa = PBXFileReference; lastKnownFileType = sourcecode.swift; path = TextField.swift; sourceTree = "<group>"; };
/* End PBXFileReference section */

/* Begin PBXFrameworksBuildPhase section */
		630F2741253CE3B1001078A2 /* Frameworks */ = {
			isa = PBXFrameworksBuildPhase;
			buildActionMask = 2147483647;
			files = (
			);
			runOnlyForDeploymentPostprocessing = 0;
		};
/* End PBXFrameworksBuildPhase section */

/* Begin PBXGroup section */
		630F273B253CE3B0001078A2 = {
			isa = PBXGroup;
			children = (
				630F279A253CE73A001078A2 /* .gitignore */,
				630F2746253CE3B1001078A2 /* Tipsy */,
				630F2745253CE3B1001078A2 /* Products */,
			);
			sourceTree = "<group>";
		};
		630F2745253CE3B1001078A2 /* Products */ = {
			isa = PBXGroup;
			children = (
				630F2744253CE3B1001078A2 /* Tipsy.app */,
			);
			name = Products;
			sourceTree = "<group>";
		};
		630F2746253CE3B1001078A2 /* Tipsy */ = {
			isa = PBXGroup;
			children = (
				63BC9CAE253DEE2300438728 /* Extensions */,
				630F27A0253CF667001078A2 /* Components */,
				630F279F253CF569001078A2 /* Constants */,
				630F2783253CE63E001078A2 /* Scenes */,
				630F2747253CE3B1001078A2 /* AppDelegate.swift */,
				630F2749253CE3B1001078A2 /* SceneDelegate.swift */,
				630F2750253CE3B3001078A2 /* Assets.xcassets */,
				630F2752253CE3B3001078A2 /* LaunchScreen.storyboard */,
				630F2755253CE3B3001078A2 /* Info.plist */,
			);
			path = Tipsy;
			sourceTree = "<group>";
		};
		630F2783253CE63E001078A2 /* Scenes */ = {
			isa = PBXGroup;
			children = (
				630F274B253CE3B1001078A2 /* BaseViewController.swift */,
				6385313825463E90001B79A3 /* ResultViewController.swift */,
			);
			path = Scenes;
			sourceTree = "<group>";
		};
		630F279F253CF569001078A2 /* Constants */ = {
			isa = PBXGroup;
			children = (
			);
			path = Constants;
			sourceTree = "<group>";
		};
		630F27A0253CF667001078A2 /* Components */ = {
			isa = PBXGroup;
			children = (
				63BC9CBF253DFEBE00438728 /* Atoms */,
				63BC9CBE253DFEB200438728 /* Molecules */,
			);
			path = Components;
			sourceTree = "<group>";
		};
		63BC9CAE253DEE2300438728 /* Extensions */ = {
			isa = PBXGroup;
			children = (
				63BC9CB0253DEE4D00438728 /* ColorExtensions.swift */,
				6385313B254642C4001B79A3 /* KeyboardDismissalExtension.swift */,
			);
			path = Extensions;
			sourceTree = "<group>";
		};
		63BC9CBE253DFEB200438728 /* Molecules */ = {
			isa = PBXGroup;
			children = (
				63C00DC9253E07F200E45A91 /* LabeledStackView.swift */,
				635AA0BE253EFE6C007B50E9 /* TipSelectorView.swift */,
				6385312F25441DEF001B79A3 /* CounterView.swift */,
			);
			path = Molecules;
			sourceTree = "<group>";
		};
		63BC9CBF253DFEBE00438728 /* Atoms */ = {
			isa = PBXGroup;
			children = (
				63BC9C98253DEB7200438728 /* UpperSectionView.swift */,
				63BC9C9D253DEB7C00438728 /* LowerSectionView.swift */,
				63BC9CC0253DFEFC00438728 /* Label.swift */,
				63C00DCE253E398400E45A91 /* TextField.swift */,
				631F5C382540ED00006C0430 /* PercentageButtonView.swift */,
				63853132254630EF001B79A3 /* IncrementDecrementButton.swift */,
				63853135254637CC001B79A3 /* CalculateButton.swift */,
			);
			path = Atoms;
			sourceTree = "<group>";
		};
/* End PBXGroup section */

/* Begin PBXNativeTarget section */
		630F2743253CE3B1001078A2 /* Tipsy */ = {
			isa = PBXNativeTarget;
			buildConfigurationList = 630F276E253CE3B4001078A2 /* Build configuration list for PBXNativeTarget "Tipsy" */;
			buildPhases = (
				630F2740253CE3B1001078A2 /* Sources */,
				630F2741253CE3B1001078A2 /* Frameworks */,
				630F2742253CE3B1001078A2 /* Resources */,
			);
			buildRules = (
			);
			dependencies = (
			);
			name = Tipsy;
			productName = Tipsy;
			productReference = 630F2744253CE3B1001078A2 /* Tipsy.app */;
			productType = "com.apple.product-type.application";
		};
/* End PBXNativeTarget section */

/* Begin PBXProject section */
		630F273C253CE3B1001078A2 /* Project object */ = {
			isa = PBXProject;
			attributes = {
				LastSwiftUpdateCheck = 1200;
				LastUpgradeCheck = 1200;
				TargetAttributes = {
					630F2743253CE3B1001078A2 = {
						CreatedOnToolsVersion = 12.0.1;
					};
				};
			};
			buildConfigurationList = 630F273F253CE3B1001078A2 /* Build configuration list for PBXProject "Tipsy" */;
			compatibilityVersion = "Xcode 9.3";
			developmentRegion = en;
			hasScannedForEncodings = 0;
			knownRegions = (
				en,
				Base,
			);
			mainGroup = 630F273B253CE3B0001078A2;
			productRefGroup = 630F2745253CE3B1001078A2 /* Products */;
			projectDirPath = "";
			projectRoot = "";
			targets = (
				630F2743253CE3B1001078A2 /* Tipsy */,
			);
		};
/* End PBXProject section */

/* Begin PBXResourcesBuildPhase section */
		630F2742253CE3B1001078A2 /* Resources */ = {
			isa = PBXResourcesBuildPhase;
			buildActionMask = 2147483647;
			files = (
				630F2754253CE3B3001078A2 /* LaunchScreen.storyboard in Resources */,
				630F279B253CE73A001078A2 /* .gitignore in Resources */,
				630F2751253CE3B3001078A2 /* Assets.xcassets in Resources */,
			);
			runOnlyForDeploymentPostprocessing = 0;
		};
/* End PBXResourcesBuildPhase section */

/* Begin PBXSourcesBuildPhase section */
		630F2740253CE3B1001078A2 /* Sources */ = {
			isa = PBXSourcesBuildPhase;
			buildActionMask = 2147483647;
			files = (
				63BC9C99253DEB7200438728 /* UpperSectionView.swift in Sources */,
				630F274C253CE3B1001078A2 /* BaseViewController.swift in Sources */,
				630F2748253CE3B1001078A2 /* AppDelegate.swift in Sources */,
				635AA0BF253EFE6C007B50E9 /* TipSelectorView.swift in Sources */,
				6385313C254642C4001B79A3 /* KeyboardDismissalExtension.swift in Sources */,
				63C00DCA253E07F200E45A91 /* LabeledStackView.swift in Sources */,
				6385313925463E90001B79A3 /* ResultViewController.swift in Sources */,
				631F5C392540ED00006C0430 /* PercentageButtonView.swift in Sources */,
				63BC9C9E253DEB7C00438728 /* LowerSectionView.swift in Sources */,
				63853133254630EF001B79A3 /* IncrementDecrementButton.swift in Sources */,
				630F274A253CE3B1001078A2 /* SceneDelegate.swift in Sources */,
				63C00DCF253E398400E45A91 /* TextField.swift in Sources */,
				63BC9CC1253DFEFC00438728 /* Label.swift in Sources */,
				63BC9CB1253DEE4D00438728 /* ColorExtensions.swift in Sources */,
				63853136254637CC001B79A3 /* CalculateButton.swift in Sources */,
				6385313025441DEF001B79A3 /* CounterView.swift in Sources */,
			);
			runOnlyForDeploymentPostprocessing = 0;
		};
/* End PBXSourcesBuildPhase section */

/* Begin PBXVariantGroup section */
		630F2752253CE3B3001078A2 /* LaunchScreen.storyboard */ = {
			isa = PBXVariantGroup;
			children = (
				630F2753253CE3B3001078A2 /* Base */,
			);
			name = LaunchScreen.storyboard;
			sourceTree = "<group>";
		};
/* End PBXVariantGroup section */

/* Begin XCBuildConfiguration section */
		630F276C253CE3B4001078A2 /* Debug */ = {
			isa = XCBuildConfiguration;
			buildSettings = {
				ALWAYS_SEARCH_USER_PATHS = NO;
				CLANG_ANALYZER_NONNULL = YES;
				CLANG_ANALYZER_NUMBER_OBJECT_CONVERSION = YES_AGGRESSIVE;
				CLANG_CXX_LANGUAGE_STANDARD = "gnu++14";
				CLANG_CXX_LIBRARY = "libc++";
				CLANG_ENABLE_MODULES = YES;
				CLANG_ENABLE_OBJC_ARC = YES;
				CLANG_ENABLE_OBJC_WEAK = YES;
				CLANG_WARN_BLOCK_CAPTURE_AUTORELEASING = YES;
				CLANG_WARN_BOOL_CONVERSION = YES;
				CLANG_WARN_COMMA = YES;
				CLANG_WARN_CONSTANT_CONVERSION = YES;
				CLANG_WARN_DEPRECATED_OBJC_IMPLEMENTATIONS = YES;
				CLANG_WARN_DIRECT_OBJC_ISA_USAGE = YES_ERROR;
				CLANG_WARN_DOCUMENTATION_COMMENTS = YES;
				CLANG_WARN_EMPTY_BODY = YES;
				CLANG_WARN_ENUM_CONVERSION = YES;
				CLANG_WARN_INFINITE_RECURSION = YES;
				CLANG_WARN_INT_CONVERSION = YES;
				CLANG_WARN_NON_LITERAL_NULL_CONVERSION = YES;
				CLANG_WARN_OBJC_IMPLICIT_RETAIN_SELF = YES;
				CLANG_WARN_OBJC_LITERAL_CONVERSION = YES;
				CLANG_WARN_OBJC_ROOT_CLASS = YES_ERROR;
				CLANG_WARN_QUOTED_INCLUDE_IN_FRAMEWORK_HEADER = YES;
				CLANG_WARN_RANGE_LOOP_ANALYSIS = YES;
				CLANG_WARN_STRICT_PROTOTYPES = YES;
				CLANG_WARN_SUSPICIOUS_MOVE = YES;
				CLANG_WARN_UNGUARDED_AVAILABILITY = YES_AGGRESSIVE;
				CLANG_WARN_UNREACHABLE_CODE = YES;
				CLANG_WARN__DUPLICATE_METHOD_MATCH = YES;
				COPY_PHASE_STRIP = NO;
				DEBUG_INFORMATION_FORMAT = dwarf;
				ENABLE_STRICT_OBJC_MSGSEND = YES;
				ENABLE_TESTABILITY = YES;
				GCC_C_LANGUAGE_STANDARD = gnu11;
				GCC_DYNAMIC_NO_PIC = NO;
				GCC_NO_COMMON_BLOCKS = YES;
				GCC_OPTIMIZATION_LEVEL = 0;
				GCC_PREPROCESSOR_DEFINITIONS = (
					"DEBUG=1",
					"$(inherited)",
				);
				GCC_WARN_64_TO_32_BIT_CONVERSION = YES;
				GCC_WARN_ABOUT_RETURN_TYPE = YES_ERROR;
				GCC_WARN_UNDECLARED_SELECTOR = YES;
				GCC_WARN_UNINITIALIZED_AUTOS = YES_AGGRESSIVE;
				GCC_WARN_UNUSED_FUNCTION = YES;
				GCC_WARN_UNUSED_VARIABLE = YES;
				IPHONEOS_DEPLOYMENT_TARGET = 14.0;
				MTL_ENABLE_DEBUG_INFO = INCLUDE_SOURCE;
				MTL_FAST_MATH = YES;
				ONLY_ACTIVE_ARCH = YES;
				SDKROOT = iphoneos;
				SWIFT_ACTIVE_COMPILATION_CONDITIONS = DEBUG;
				SWIFT_OPTIMIZATION_LEVEL = "-Onone";
			};
			name = Debug;
		};
		630F276D253CE3B4001078A2 /* Release */ = {
			isa = XCBuildConfiguration;
			buildSettings = {
				ALWAYS_SEARCH_USER_PATHS = NO;
				CLANG_ANALYZER_NONNULL = YES;
				CLANG_ANALYZER_NUMBER_OBJECT_CONVERSION = YES_AGGRESSIVE;
				CLANG_CXX_LANGUAGE_STANDARD = "gnu++14";
				CLANG_CXX_LIBRARY = "libc++";
				CLANG_ENABLE_MODULES = YES;
				CLANG_ENABLE_OBJC_ARC = YES;
				CLANG_ENABLE_OBJC_WEAK = YES;
				CLANG_WARN_BLOCK_CAPTURE_AUTORELEASING = YES;
				CLANG_WARN_BOOL_CONVERSION = YES;
				CLANG_WARN_COMMA = YES;
				CLANG_WARN_CONSTANT_CONVERSION = YES;
				CLANG_WARN_DEPRECATED_OBJC_IMPLEMENTATIONS = YES;
				CLANG_WARN_DIRECT_OBJC_ISA_USAGE = YES_ERROR;
				CLANG_WARN_DOCUMENTATION_COMMENTS = YES;
				CLANG_WARN_EMPTY_BODY = YES;
				CLANG_WARN_ENUM_CONVERSION = YES;
				CLANG_WARN_INFINITE_RECURSION = YES;
				CLANG_WARN_INT_CONVERSION = YES;
				CLANG_WARN_NON_LITERAL_NULL_CONVERSION = YES;
				CLANG_WARN_OBJC_IMPLICIT_RETAIN_SELF = YES;
				CLANG_WARN_OBJC_LITERAL_CONVERSION = YES;
				CLANG_WARN_OBJC_ROOT_CLASS = YES_ERROR;
				CLANG_WARN_QUOTED_INCLUDE_IN_FRAMEWORK_HEADER = YES;
				CLANG_WARN_RANGE_LOOP_ANALYSIS = YES;
				CLANG_WARN_STRICT_PROTOTYPES = YES;
				CLANG_WARN_SUSPICIOUS_MOVE = YES;
				CLANG_WARN_UNGUARDED_AVAILABILITY = YES_AGGRESSIVE;
				CLANG_WARN_UNREACHABLE_CODE = YES;
				CLANG_WARN__DUPLICATE_METHOD_MATCH = YES;
				COPY_PHASE_STRIP = NO;
				DEBUG_INFORMATION_FORMAT = "dwarf-with-dsym";
				ENABLE_NS_ASSERTIONS = NO;
				ENABLE_STRICT_OBJC_MSGSEND = YES;
				GCC_C_LANGUAGE_STANDARD = gnu11;
				GCC_NO_COMMON_BLOCKS = YES;
				GCC_WARN_64_TO_32_BIT_CONVERSION = YES;
				GCC_WARN_ABOUT_RETURN_TYPE = YES_ERROR;
				GCC_WARN_UNDECLARED_SELECTOR = YES;
				GCC_WARN_UNINITIALIZED_AUTOS = YES_AGGRESSIVE;
				GCC_WARN_UNUSED_FUNCTION = YES;
				GCC_WARN_UNUSED_VARIABLE = YES;
				IPHONEOS_DEPLOYMENT_TARGET = 14.0;
				MTL_ENABLE_DEBUG_INFO = NO;
				MTL_FAST_MATH = YES;
				SDKROOT = iphoneos;
				SWIFT_COMPILATION_MODE = wholemodule;
				SWIFT_OPTIMIZATION_LEVEL = "-O";
				VALIDATE_PRODUCT = YES;
			};
			name = Release;
		};
		630F276F253CE3B4001078A2 /* Debug */ = {
			isa = XCBuildConfiguration;
			buildSettings = {
				ASSETCATALOG_COMPILER_APPICON_NAME = AppIcon;
				ASSETCATALOG_COMPILER_GLOBAL_ACCENT_COLOR_NAME = AccentColor;
				CODE_SIGN_STYLE = Automatic;
				DEVELOPMENT_TEAM = RKP4VPKQ54;
				INFOPLIST_FILE = Tipsy/Info.plist;
				LD_RUNPATH_SEARCH_PATHS = (
					"$(inherited)",
					"@executable_path/Frameworks",
				);
				PRODUCT_BUNDLE_IDENTIFIER = com.dlipovac012.Tipsy;
				PRODUCT_NAME = "$(TARGET_NAME)";
				SWIFT_VERSION = 5.0;
				TARGETED_DEVICE_FAMILY = "1,2";
			};
			name = Debug;
		};
		630F2770253CE3B4001078A2 /* Release */ = {
			isa = XCBuildConfiguration;
			buildSettings = {
				ASSETCATALOG_COMPILER_APPICON_NAME = AppIcon;
				ASSETCATALOG_COMPILER_GLOBAL_ACCENT_COLOR_NAME = AccentColor;
				CODE_SIGN_STYLE = Automatic;
				DEVELOPMENT_TEAM = RKP4VPKQ54;
				INFOPLIST_FILE = Tipsy/Info.plist;
				LD_RUNPATH_SEARCH_PATHS = (
					"$(inherited)",
					"@executable_path/Frameworks",
				);
				PRODUCT_BUNDLE_IDENTIFIER = com.dlipovac012.Tipsy;
				PRODUCT_NAME = "$(TARGET_NAME)";
				SWIFT_VERSION = 5.0;
				TARGETED_DEVICE_FAMILY = "1,2";
			};
			name = Release;
		};
/* End XCBuildConfiguration section */

/* Begin XCConfigurationList section */
		630F273F253CE3B1001078A2 /* Build configuration list for PBXProject "Tipsy" */ = {
			isa = XCConfigurationList;
			buildConfigurations = (
				630F276C253CE3B4001078A2 /* Debug */,
				630F276D253CE3B4001078A2 /* Release */,
			);
			defaultConfigurationIsVisible = 0;
			defaultConfigurationName = Release;
		};
		630F276E253CE3B4001078A2 /* Build configuration list for PBXNativeTarget "Tipsy" */ = {
			isa = XCConfigurationList;
			buildConfigurations = (
				630F276F253CE3B4001078A2 /* Debug */,
				630F2770253CE3B4001078A2 /* Release */,
			);
			defaultConfigurationIsVisible = 0;
			defaultConfigurationName = Release;
		};
/* End XCConfigurationList section */
	};
	rootObject = 630F273C253CE3B1001078A2 /* Project object */;
}
